
Microsoft Visual Studio Solution File, Format Version 12.00
# Visual Studio Version 17
VisualStudioVersion = 17.4.33205.214
MinimumVisualStudioVersion = 10.0.40219.1
Project("{8BC9CEB8-8B4A-11D0-8D11-00A0C91BC942}") = "Alacrity Engine", "Alacrity Engine\Alacrity Engine.vcxproj", "{4BAC1820-8B9A-4D2B-9A13-F3320CB2CFDC}"
EndProject
Global
	GlobalSection(SolutionConfigurationPlatforms) = preSolution
		Debug|x64 = Debug|x64
		Debug|x86 = Debug|x86
		Release|x64 = Release|x64
		Release|x86 = Release|x86
	EndGlobalSection
	GlobalSection(ProjectConfigurationPlatforms) = postSolution
		{4BAC1820-8B9A-4D2B-9A13-F3320CB2CFDC}.Debug|x64.ActiveCfg = Debug|x64
		{4BAC1820-8B9A-4D2B-9A13-F3320CB2CFDC}.Debug|x64.Build.0 = Debug|x64
		{4BAC1820-8B9A-4D2B-9A13-F3320CB2CFDC}.Debug|x86.ActiveCfg = Debug|Win32
		{4BAC1820-8B9A-4D2B-9A13-F3320CB2CFDC}.Debug|x86.Build.0 = Debug|Win32
		{4BAC1820-8B9A-4D2B-9A13-F3320CB2CFDC}.Release|x64.ActiveCfg = Release|x64
		{4BAC1820-8B9A-4D2B-9A13-F3320CB2CFDC}.Release|x64.Build.0 = Release|x64
		{4BAC1820-8B9A-4D2B-9A13-F3320CB2CFDC}.Release|x86.ActiveCfg = Release|Win32
		{4BAC1820-8B9A-4D2B-9A13-F3320CB2CFDC}.Release|x86.Build.0 = Release|Win32
	EndGlobalSection
	GlobalSection(SolutionProperties) = preSolution
		HideSolutionNode = FALSE
	EndGlobalSection
	GlobalSection(ExtensibilityGlobals) = postSolution
		SolutionGuid = {25097AD8-BBB7-471B-A3B5-9C67CD827736}
	EndGlobalSection
EndGlobal
